// !$*UTF8*$!
{
	archiveVersion = 1;
	classes = {
	};
	objectVersion = 46;
	objects = {

/* Begin PBXBuildFile section */
		551DC2588C2879950E2C26A8 /* libPods.a in Frameworks */ = {isa = PBXBuildFile; fileRef = 4B756ABB349AE6A052C34565 /* libPods.a */; };
		6841FA8E1C631BC8004BACEA /* main.m in Sources */ = {isa = PBXBuildFile; fileRef = 6841FA8D1C631BC8004BACEA /* main.m */; };
		6841FA911C631BC8004BACEA /* AppDelegate.m in Sources */ = {isa = PBXBuildFile; fileRef = 6841FA901C631BC8004BACEA /* AppDelegate.m */; };
		6841FA941C631BC8004BACEA /* loginViewController.m in Sources */ = {isa = PBXBuildFile; fileRef = 6841FA931C631BC8004BACEA /* loginViewController.m */; };
		6841FA971C631BC8004BACEA /* Main.storyboard in Resources */ = {isa = PBXBuildFile; fileRef = 6841FA951C631BC8004BACEA /* Main.storyboard */; };
		6841FA9C1C631BC8004BACEA /* LaunchScreen.storyboard in Resources */ = {isa = PBXBuildFile; fileRef = 6841FA9A1C631BC8004BACEA /* LaunchScreen.storyboard */; };
		6841FAA71C631BC8004BACEA /* saishiTests.m in Sources */ = {isa = PBXBuildFile; fileRef = 6841FAA61C631BC8004BACEA /* saishiTests.m */; };
		6841FAB21C631BC8004BACEA /* saishiUITests.m in Sources */ = {isa = PBXBuildFile; fileRef = 6841FAB11C631BC8004BACEA /* saishiUITests.m */; };
		686B24B61C71CBF700F48DDB /* customCell.m in Sources */ = {isa = PBXBuildFile; fileRef = 686B24B51C71CBF700F48DDB /* customCell.m */; };
		686B24B91C71DCDF00F48DDB /* imageGetter.m in Sources */ = {isa = PBXBuildFile; fileRef = 686B24B81C71DCDF00F48DDB /* imageGetter.m */; };
		686B24BC1C71E41F00F48DDB /* detailViewController.m in Sources */ = {isa = PBXBuildFile; fileRef = 686B24BB1C71E41F00F48DDB /* detailViewController.m */; };
		686B24C01C71FCD800F48DDB /* fileCell.m in Sources */ = {isa = PBXBuildFile; fileRef = 686B24BF1C71FCD800F48DDB /* fileCell.m */; };
		686CD8131C6DC82700D436A6 /* notificationViewController.m in Sources */ = {isa = PBXBuildFile; fileRef = 686CD8121C6DC82700D436A6 /* notificationViewController.m */; };
		686CD8161C6DC97A00D436A6 /* feedViewController.m in Sources */ = {isa = PBXBuildFile; fileRef = 686CD8151C6DC97A00D436A6 /* feedViewController.m */; };
		686CD81C1C6DC9A700D436A6 /* filesViewController.m in Sources */ = {isa = PBXBuildFile; fileRef = 686CD81B1C6DC9A700D436A6 /* filesViewController.m */; };
		686CD8201C6DCA4300D436A6 /* affairsViewController.m in Sources */ = {isa = PBXBuildFile; fileRef = 686CD81F1C6DCA4300D436A6 /* affairsViewController.m */; };
		6873803C1C74711100AA4B82 /* scheduleViewController.m in Sources */ = {isa = PBXBuildFile; fileRef = 6873803B1C74711100AA4B82 /* scheduleViewController.m */; };
		6873803E1C74A8A600AA4B82 /* QuickLook.framework in Frameworks */ = {isa = PBXBuildFile; fileRef = 6873803D1C74A8A600AA4B82 /* QuickLook.framework */; };
		687CDC6C1C68ED460094F581 /* Assets.xcassets in Resources */ = {isa = PBXBuildFile; fileRef = 687CDC6B1C68ED460094F581 /* Assets.xcassets */; };
		687CDC6F1C68F16B0094F581 /* user.m in Sources */ = {isa = PBXBuildFile; fileRef = 687CDC6E1C68F16B0094F581 /* user.m */; };
		687CDC781C68FB0A0094F581 /* mainTabBarController.m in Sources */ = {isa = PBXBuildFile; fileRef = 687CDC771C68FB0A0094F581 /* mainTabBarController.m */; };
		68811FBD1C6EF06C001048FF /* dataList.m in Sources */ = {isa = PBXBuildFile; fileRef = 68811FBC1C6EF06C001048FF /* dataList.m */; };
		68AE7F171C72F121007EFB2D /* meViewController.m in Sources */ = {isa = PBXBuildFile; fileRef = 68AE7F161C72F121007EFB2D /* meViewController.m */; };
		68AE7F5F1C72FEF3007EFB2D /* changePasswordViewController.m in Sources */ = {isa = PBXBuildFile; fileRef = 68AE7F5E1C72FEF3007EFB2D /* changePasswordViewController.m */; };
		68AE7FA71C736C3F007EFB2D /* launchViewController.m in Sources */ = {isa = PBXBuildFile; fileRef = 68AE7FA61C736C3F007EFB2D /* launchViewController.m */; };
		D1CAE73175563635834B6B18 /* libPods-saishi.a in Frameworks */ = {isa = PBXBuildFile; fileRef = BA2464FC2240297C48BF45B6 /* libPods-saishi.a */; };
		E9E0B20C1C778E690047C1D7 /* bootstrap.css in Resources */ = {isa = PBXBuildFile; fileRef = E9E0B2091C778E690047C1D7 /* bootstrap.css */; };
		E9E0B20D1C778E690047C1D7 /* bootstrap.min.js in Resources */ = {isa = PBXBuildFile; fileRef = E9E0B20A1C778E690047C1D7 /* bootstrap.min.js */; };
		E9E0B20E1C778E690047C1D7 /* jquery.min.js in Resources */ = {isa = PBXBuildFile; fileRef = E9E0B20B1C778E690047C1D7 /* jquery.min.js */; };
/* End PBXBuildFile section */

/* Begin PBXContainerItemProxy section */
		6841FAA31C631BC8004BACEA /* PBXContainerItemProxy */ = {
			isa = PBXContainerItemProxy;
			containerPortal = 6841FA811C631BC8004BACEA /* Project object */;
			proxyType = 1;
			remoteGlobalIDString = 6841FA881C631BC8004BACEA;
			remoteInfo = saishi;
		};
		6841FAAE1C631BC8004BACEA /* PBXContainerItemProxy */ = {
			isa = PBXContainerItemProxy;
			containerPortal = 6841FA811C631BC8004BACEA /* Project object */;
			proxyType = 1;
			remoteGlobalIDString = 6841FA881C631BC8004BACEA;
			remoteInfo = saishi;
		};
/* End PBXContainerItemProxy section */

/* Begin PBXFileReference section */
		242CFB8DB7AE0C90335BDFE1 /* Pods.debug.xcconfig */ = {isa = PBXFileReference; includeInIndex = 1; lastKnownFileType = text.xcconfig; name = Pods.debug.xcconfig; path = "Pods/Target Support Files/Pods/Pods.debug.xcconfig"; sourceTree = "<group>"; };
		4B756ABB349AE6A052C34565 /* libPods.a */ = {isa = PBXFileReference; explicitFileType = archive.ar; includeInIndex = 0; path = libPods.a; sourceTree = BUILT_PRODUCTS_DIR; };
		56A6ACCFAFB0816E459F06C8 /* Pods.release.xcconfig */ = {isa = PBXFileReference; includeInIndex = 1; lastKnownFileType = text.xcconfig; name = Pods.release.xcconfig; path = "Pods/Target Support Files/Pods/Pods.release.xcconfig"; sourceTree = "<group>"; };
		6841FA891C631BC8004BACEA /* saishi.app */ = {isa = PBXFileReference; explicitFileType = wrapper.application; includeInIndex = 0; path = saishi.app; sourceTree = BUILT_PRODUCTS_DIR; };
		6841FA8D1C631BC8004BACEA /* main.m */ = {isa = PBXFileReference; lastKnownFileType = sourcecode.c.objc; path = main.m; sourceTree = "<group>"; };
		6841FA8F1C631BC8004BACEA /* AppDelegate.h */ = {isa = PBXFileReference; lastKnownFileType = sourcecode.c.h; path = AppDelegate.h; sourceTree = "<group>"; };
		6841FA901C631BC8004BACEA /* AppDelegate.m */ = {isa = PBXFileReference; lastKnownFileType = sourcecode.c.objc; path = AppDelegate.m; sourceTree = "<group>"; };
		6841FA921C631BC8004BACEA /* loginViewController.h */ = {isa = PBXFileReference; lastKnownFileType = sourcecode.c.h; path = loginViewController.h; sourceTree = "<group>"; };
		6841FA931C631BC8004BACEA /* loginViewController.m */ = {isa = PBXFileReference; lastKnownFileType = sourcecode.c.objc; path = loginViewController.m; sourceTree = "<group>"; };
		6841FA961C631BC8004BACEA /* Base */ = {isa = PBXFileReference; lastKnownFileType = file.storyboard; name = Base; path = Base.lproj/Main.storyboard; sourceTree = "<group>"; };
		6841FA9B1C631BC8004BACEA /* Base */ = {isa = PBXFileReference; lastKnownFileType = file.storyboard; name = Base; path = Base.lproj/LaunchScreen.storyboard; sourceTree = "<group>"; };
		6841FA9D1C631BC8004BACEA /* Info.plist */ = {isa = PBXFileReference; lastKnownFileType = text.plist.xml; path = Info.plist; sourceTree = "<group>"; };
		6841FAA21C631BC8004BACEA /* saishiTests.xctest */ = {isa = PBXFileReference; explicitFileType = wrapper.cfbundle; includeInIndex = 0; path = saishiTests.xctest; sourceTree = BUILT_PRODUCTS_DIR; };
		6841FAA61C631BC8004BACEA /* saishiTests.m */ = {isa = PBXFileReference; lastKnownFileType = sourcecode.c.objc; path = saishiTests.m; sourceTree = "<group>"; };
		6841FAA81C631BC8004BACEA /* Info.plist */ = {isa = PBXFileReference; lastKnownFileType = text.plist.xml; path = Info.plist; sourceTree = "<group>"; };
		6841FAAD1C631BC8004BACEA /* saishiUITests.xctest */ = {isa = PBXFileReference; explicitFileType = wrapper.cfbundle; includeInIndex = 0; path = saishiUITests.xctest; sourceTree = BUILT_PRODUCTS_DIR; };
		6841FAB11C631BC8004BACEA /* saishiUITests.m */ = {isa = PBXFileReference; lastKnownFileType = sourcecode.c.objc; path = saishiUITests.m; sourceTree = "<group>"; };
		6841FAB31C631BC8004BACEA /* Info.plist */ = {isa = PBXFileReference; lastKnownFileType = text.plist.xml; path = Info.plist; sourceTree = "<group>"; };
		686B24B41C71CBF700F48DDB /* customCell.h */ = {isa = PBXFileReference; fileEncoding = 4; lastKnownFileType = sourcecode.c.h; path = customCell.h; sourceTree = "<group>"; };
		686B24B51C71CBF700F48DDB /* customCell.m */ = {isa = PBXFileReference; fileEncoding = 4; lastKnownFileType = sourcecode.c.objc; path = customCell.m; sourceTree = "<group>"; };
		686B24B71C71DCDF00F48DDB /* imageGetter.h */ = {isa = PBXFileReference; fileEncoding = 4; lastKnownFileType = sourcecode.c.h; path = imageGetter.h; sourceTree = "<group>"; };
		686B24B81C71DCDF00F48DDB /* imageGetter.m */ = {isa = PBXFileReference; fileEncoding = 4; lastKnownFileType = sourcecode.c.objc; path = imageGetter.m; sourceTree = "<group>"; };
		686B24BA1C71E41F00F48DDB /* detailViewController.h */ = {isa = PBXFileReference; fileEncoding = 4; lastKnownFileType = sourcecode.c.h; path = detailViewController.h; sourceTree = "<group>"; };
		686B24BB1C71E41F00F48DDB /* detailViewController.m */ = {isa = PBXFileReference; fileEncoding = 4; lastKnownFileType = sourcecode.c.objc; path = detailViewController.m; sourceTree = "<group>"; };
		686B24BE1C71FCD800F48DDB /* fileCell.h */ = {isa = PBXFileReference; fileEncoding = 4; lastKnownFileType = sourcecode.c.h; path = fileCell.h; sourceTree = "<group>"; };
		686B24BF1C71FCD800F48DDB /* fileCell.m */ = {isa = PBXFileReference; fileEncoding = 4; lastKnownFileType = sourcecode.c.objc; path = fileCell.m; sourceTree = "<group>"; };
		686CD8111C6DC82700D436A6 /* notificationViewController.h */ = {isa = PBXFileReference; fileEncoding = 4; lastKnownFileType = sourcecode.c.h; path = notificationViewController.h; sourceTree = "<group>"; };
		686CD8121C6DC82700D436A6 /* notificationViewController.m */ = {isa = PBXFileReference; fileEncoding = 4; lastKnownFileType = sourcecode.c.objc; path = notificationViewController.m; sourceTree = "<group>"; };
		686CD8141C6DC97A00D436A6 /* feedViewController.h */ = {isa = PBXFileReference; fileEncoding = 4; lastKnownFileType = sourcecode.c.h; path = feedViewController.h; sourceTree = "<group>"; };
		686CD8151C6DC97A00D436A6 /* feedViewController.m */ = {isa = PBXFileReference; fileEncoding = 4; lastKnownFileType = sourcecode.c.objc; path = feedViewController.m; sourceTree = "<group>"; };
		686CD81A1C6DC9A700D436A6 /* filesViewController.h */ = {isa = PBXFileReference; fileEncoding = 4; lastKnownFileType = sourcecode.c.h; path = filesViewController.h; sourceTree = "<group>"; };
		686CD81B1C6DC9A700D436A6 /* filesViewController.m */ = {isa = PBXFileReference; fileEncoding = 4; lastKnownFileType = sourcecode.c.objc; path = filesViewController.m; sourceTree = "<group>"; };
		686CD81E1C6DCA4300D436A6 /* affairsViewController.h */ = {isa = PBXFileReference; fileEncoding = 4; lastKnownFileType = sourcecode.c.h; path = affairsViewController.h; sourceTree = "<group>"; };
		686CD81F1C6DCA4300D436A6 /* affairsViewController.m */ = {isa = PBXFileReference; fileEncoding = 4; lastKnownFileType = sourcecode.c.objc; path = affairsViewController.m; sourceTree = "<group>"; };
		6873803A1C74711100AA4B82 /* scheduleViewController.h */ = {isa = PBXFileReference; fileEncoding = 4; lastKnownFileType = sourcecode.c.h; path = scheduleViewController.h; sourceTree = "<group>"; };
		6873803B1C74711100AA4B82 /* scheduleViewController.m */ = {isa = PBXFileReference; fileEncoding = 4; lastKnownFileType = sourcecode.c.objc; path = scheduleViewController.m; sourceTree = "<group>"; };
		6873803D1C74A8A600AA4B82 /* QuickLook.framework */ = {isa = PBXFileReference; lastKnownFileType = wrapper.framework; name = QuickLook.framework; path = System/Library/Frameworks/QuickLook.framework; sourceTree = SDKROOT; };
		687CDC6B1C68ED460094F581 /* Assets.xcassets */ = {isa = PBXFileReference; lastKnownFileType = folder.assetcatalog; path = Assets.xcassets; sourceTree = "<group>"; };
		687CDC6D1C68F16B0094F581 /* user.h */ = {isa = PBXFileReference; fileEncoding = 4; lastKnownFileType = sourcecode.c.h; path = user.h; sourceTree = "<group>"; };
		687CDC6E1C68F16B0094F581 /* user.m */ = {isa = PBXFileReference; fileEncoding = 4; lastKnownFileType = sourcecode.c.objc; path = user.m; sourceTree = "<group>"; };
		687CDC761C68FB0A0094F581 /* mainTabBarController.h */ = {isa = PBXFileReference; fileEncoding = 4; lastKnownFileType = sourcecode.c.h; path = mainTabBarController.h; sourceTree = "<group>"; };
		687CDC771C68FB0A0094F581 /* mainTabBarController.m */ = {isa = PBXFileReference; fileEncoding = 4; lastKnownFileType = sourcecode.c.objc; path = mainTabBarController.m; sourceTree = "<group>"; };
		68811FBB1C6EF06C001048FF /* dataList.h */ = {isa = PBXFileReference; fileEncoding = 4; lastKnownFileType = sourcecode.c.h; path = dataList.h; sourceTree = "<group>"; };
		68811FBC1C6EF06C001048FF /* dataList.m */ = {isa = PBXFileReference; fileEncoding = 4; lastKnownFileType = sourcecode.c.objc; path = dataList.m; sourceTree = "<group>"; };
		68AE7F151C72F121007EFB2D /* meViewController.h */ = {isa = PBXFileReference; fileEncoding = 4; lastKnownFileType = sourcecode.c.h; path = meViewController.h; sourceTree = "<group>"; };
		68AE7F161C72F121007EFB2D /* meViewController.m */ = {isa = PBXFileReference; fileEncoding = 4; lastKnownFileType = sourcecode.c.objc; path = meViewController.m; sourceTree = "<group>"; };
		68AE7F5D1C72FEF3007EFB2D /* changePasswordViewController.h */ = {isa = PBXFileReference; fileEncoding = 4; lastKnownFileType = sourcecode.c.h; path = changePasswordViewController.h; sourceTree = "<group>"; };
		68AE7F5E1C72FEF3007EFB2D /* changePasswordViewController.m */ = {isa = PBXFileReference; fileEncoding = 4; lastKnownFileType = sourcecode.c.objc; path = changePasswordViewController.m; sourceTree = "<group>"; };
		68AE7FA51C736C3F007EFB2D /* launchViewController.h */ = {isa = PBXFileReference; fileEncoding = 4; lastKnownFileType = sourcecode.c.h; path = launchViewController.h; sourceTree = "<group>"; };
		68AE7FA61C736C3F007EFB2D /* launchViewController.m */ = {isa = PBXFileReference; fileEncoding = 4; lastKnownFileType = sourcecode.c.objc; path = launchViewController.m; sourceTree = "<group>"; };
		BA2464FC2240297C48BF45B6 /* libPods-saishi.a */ = {isa = PBXFileReference; explicitFileType = archive.ar; includeInIndex = 0; path = "libPods-saishi.a"; sourceTree = BUILT_PRODUCTS_DIR; };
		E95565101C6B94B600F3FEFB /* zh-Hans */ = {isa = PBXFileReference; lastKnownFileType = text.plist.strings; name = "zh-Hans"; path = "zh-Hans.lproj/LaunchScreen.strings"; sourceTree = "<group>"; };
		E95565111C6B94B600F3FEFB /* zh-Hans */ = {isa = PBXFileReference; lastKnownFileType = text.plist.strings; name = "zh-Hans"; path = "zh-Hans.lproj/Main.strings"; sourceTree = "<group>"; };
		E9E0B2091C778E690047C1D7 /* bootstrap.css */ = {isa = PBXFileReference; fileEncoding = 4; lastKnownFileType = text.css; path = bootstrap.css; sourceTree = "<group>"; };
		E9E0B20A1C778E690047C1D7 /* bootstrap.min.js */ = {isa = PBXFileReference; fileEncoding = 4; lastKnownFileType = sourcecode.javascript; path = bootstrap.min.js; sourceTree = "<group>"; };
		E9E0B20B1C778E690047C1D7 /* jquery.min.js */ = {isa = PBXFileReference; fileEncoding = 4; lastKnownFileType = sourcecode.javascript; path = jquery.min.js; sourceTree = "<group>"; };
/* End PBXFileReference section */

/* Begin PBXFrameworksBuildPhase section */
		6841FA861C631BC8004BACEA /* Frameworks */ = {
			isa = PBXFrameworksBuildPhase;
			buildActionMask = 2147483647;
			files = (
				6873803E1C74A8A600AA4B82 /* QuickLook.framework in Frameworks */,
				551DC2588C2879950E2C26A8 /* libPods.a in Frameworks */,
				D1CAE73175563635834B6B18 /* libPods-saishi.a in Frameworks */,
			);
			runOnlyForDeploymentPostprocessing = 0;
		};
		6841FA9F1C631BC8004BACEA /* Frameworks */ = {
			isa = PBXFrameworksBuildPhase;
			buildActionMask = 2147483647;
			files = (
			);
			runOnlyForDeploymentPostprocessing = 0;
		};
		6841FAAA1C631BC8004BACEA /* Frameworks */ = {
			isa = PBXFrameworksBuildPhase;
			buildActionMask = 2147483647;
			files = (
			);
			runOnlyForDeploymentPostprocessing = 0;
		};
/* End PBXFrameworksBuildPhase section */

/* Begin PBXGroup section */
		5D0CB8C8597CDBD9421E42FD /* Pods */ = {
			isa = PBXGroup;
			children = (
				242CFB8DB7AE0C90335BDFE1 /* Pods.debug.xcconfig */,
				56A6ACCFAFB0816E459F06C8 /* Pods.release.xcconfig */,
			);
			name = Pods;
			sourceTree = "<group>";
		};
		6841FA801C631BC8004BACEA = {
			isa = PBXGroup;
			children = (
				6841FA8B1C631BC8004BACEA /* saishi */,
				6841FAA51C631BC8004BACEA /* saishiTests */,
				6841FAB01C631BC8004BACEA /* saishiUITests */,
				6841FA8A1C631BC8004BACEA /* Products */,
				5D0CB8C8597CDBD9421E42FD /* Pods */,
				C859EC088FD0C2A2B40E2CBC /* Frameworks */,
			);
			sourceTree = "<group>";
		};
		6841FA8A1C631BC8004BACEA /* Products */ = {
			isa = PBXGroup;
			children = (
				6841FA891C631BC8004BACEA /* saishi.app */,
				6841FAA21C631BC8004BACEA /* saishiTests.xctest */,
				6841FAAD1C631BC8004BACEA /* saishiUITests.xctest */,
			);
			name = Products;
			sourceTree = "<group>";
		};
		6841FA8B1C631BC8004BACEA /* saishi */ = {
			isa = PBXGroup;
			children = (
				68681E341C63643E00080AE0 /* Main */,
				68681E351C63644E00080AE0 /* Modal */,
				68681E361C63645600080AE0 /* View */,
				68681E371C63645B00080AE0 /* Controller */,
				68681E381C636AEA00080AE0 /* Resource */,
			);
			path = saishi;
			sourceTree = "<group>";
		};
		6841FA8C1C631BC8004BACEA /* Supporting Files */ = {
			isa = PBXGroup;
			children = (
				6841FA8D1C631BC8004BACEA /* main.m */,
			);
			name = "Supporting Files";
			sourceTree = "<group>";
		};
		6841FAA51C631BC8004BACEA /* saishiTests */ = {
			isa = PBXGroup;
			children = (
				6841FAA61C631BC8004BACEA /* saishiTests.m */,
				6841FAA81C631BC8004BACEA /* Info.plist */,
			);
			path = saishiTests;
			sourceTree = "<group>";
		};
		6841FAB01C631BC8004BACEA /* saishiUITests */ = {
			isa = PBXGroup;
			children = (
				6841FAB11C631BC8004BACEA /* saishiUITests.m */,
				6841FAB31C631BC8004BACEA /* Info.plist */,
			);
			path = saishiUITests;
			sourceTree = "<group>";
		};
		68681E341C63643E00080AE0 /* Main */ = {
			isa = PBXGroup;
			children = (
				6841FA8F1C631BC8004BACEA /* AppDelegate.h */,
				6841FA901C631BC8004BACEA /* AppDelegate.m */,
				6841FA9A1C631BC8004BACEA /* LaunchScreen.storyboard */,
				6841FA8C1C631BC8004BACEA /* Supporting Files */,
				6841FA9D1C631BC8004BACEA /* Info.plist */,
			);
			name = Main;
			sourceTree = "<group>";
		};
		68681E351C63644E00080AE0 /* Modal */ = {
			isa = PBXGroup;
			children = (
				687CDC6D1C68F16B0094F581 /* user.h */,
				687CDC6E1C68F16B0094F581 /* user.m */,
				68811FBB1C6EF06C001048FF /* dataList.h */,
				68811FBC1C6EF06C001048FF /* dataList.m */,
				686B24B41C71CBF700F48DDB /* customCell.h */,
				686B24B51C71CBF700F48DDB /* customCell.m */,
				686B24B71C71DCDF00F48DDB /* imageGetter.h */,
				686B24B81C71DCDF00F48DDB /* imageGetter.m */,
				686B24BE1C71FCD800F48DDB /* fileCell.h */,
				686B24BF1C71FCD800F48DDB /* fileCell.m */,
			);
			name = Modal;
			sourceTree = "<group>";
		};
		68681E361C63645600080AE0 /* View */ = {
			isa = PBXGroup;
			children = (
				6841FA951C631BC8004BACEA /* Main.storyboard */,
			);
			name = View;
			sourceTree = "<group>";
		};
		68681E371C63645B00080AE0 /* Controller */ = {
			isa = PBXGroup;
			children = (
				68AE7FA81C736C47007EFB2D /* launchViewController */,
				687CDC701C68F9090094F581 /* loginViewController */,
				687CDC751C68FAD40094F581 /* mainTabBarController */,
				687CDC711C68F91C0094F581 /* notificationViewController */,
				687CDC791C68FC2B0094F581 /* feedViewController */,
				686CD81D1C6DCA2C00D436A6 /* affairsViewController */,
				68AF081D1C6D88E900940B4C /* detailViewController */,
				687CDC811C68FD270094F581 /* filesViewController */,
				687CDC7D1C68FCD00094F581 /* scheduleViewController */,
				687CDC851C68FD490094F581 /* myselfViewController */,
				687CDC891C69018C0094F581 /* changePasswordViewController */,
			);
			name = Controller;
			sourceTree = "<group>";
		};
		68681E381C636AEA00080AE0 /* Resource */ = {
			isa = PBXGroup;
			children = (
				E9E0B2091C778E690047C1D7 /* bootstrap.css */,
				E9E0B20A1C778E690047C1D7 /* bootstrap.min.js */,
				E9E0B20B1C778E690047C1D7 /* jquery.min.js */,
				687CDC6B1C68ED460094F581 /* Assets.xcassets */,
			);
			name = Resource;
			sourceTree = "<group>";
		};
		686CD81D1C6DCA2C00D436A6 /* affairsViewController */ = {
			isa = PBXGroup;
			children = (
				686CD81E1C6DCA4300D436A6 /* affairsViewController.h */,
				686CD81F1C6DCA4300D436A6 /* affairsViewController.m */,
			);
			name = affairsViewController;
			sourceTree = "<group>";
		};
		687CDC701C68F9090094F581 /* loginViewController */ = {
			isa = PBXGroup;
			children = (
				6841FA921C631BC8004BACEA /* loginViewController.h */,
				6841FA931C631BC8004BACEA /* loginViewController.m */,
			);
			name = loginViewController;
			sourceTree = "<group>";
		};
		687CDC711C68F91C0094F581 /* notificationViewController */ = {
			isa = PBXGroup;
			children = (
				686CD8111C6DC82700D436A6 /* notificationViewController.h */,
				686CD8121C6DC82700D436A6 /* notificationViewController.m */,
			);
			name = notificationViewController;
			sourceTree = "<group>";
		};
		687CDC751C68FAD40094F581 /* mainTabBarController */ = {
			isa = PBXGroup;
			children = (
				687CDC761C68FB0A0094F581 /* mainTabBarController.h */,
				687CDC771C68FB0A0094F581 /* mainTabBarController.m */,
			);
			name = mainTabBarController;
			sourceTree = "<group>";
		};
		687CDC791C68FC2B0094F581 /* feedViewController */ = {
			isa = PBXGroup;
			children = (
				686CD8141C6DC97A00D436A6 /* feedViewController.h */,
				686CD8151C6DC97A00D436A6 /* feedViewController.m */,
			);
			name = feedViewController;
			sourceTree = "<group>";
		};
		687CDC7D1C68FCD00094F581 /* scheduleViewController */ = {
			isa = PBXGroup;
			children = (
				6873803A1C74711100AA4B82 /* scheduleViewController.h */,
				6873803B1C74711100AA4B82 /* scheduleViewController.m */,
			);
			name = scheduleViewController;
			sourceTree = "<group>";
		};
		687CDC811C68FD270094F581 /* filesViewController */ = {
			isa = PBXGroup;
			children = (
				686CD81A1C6DC9A700D436A6 /* filesViewController.h */,
				686CD81B1C6DC9A700D436A6 /* filesViewController.m */,
			);
			name = filesViewController;
			sourceTree = "<group>";
		};
		687CDC851C68FD490094F581 /* myselfViewController */ = {
			isa = PBXGroup;
			children = (
				68AE7F151C72F121007EFB2D /* meViewController.h */,
				68AE7F161C72F121007EFB2D /* meViewController.m */,
			);
			name = myselfViewController;
			sourceTree = "<group>";
		};
		687CDC891C69018C0094F581 /* changePasswordViewController */ = {
			isa = PBXGroup;
			children = (
				68AE7F5D1C72FEF3007EFB2D /* changePasswordViewController.h */,
				68AE7F5E1C72FEF3007EFB2D /* changePasswordViewController.m */,
			);
			name = changePasswordViewController;
			sourceTree = "<group>";
		};
		68AE7FA81C736C47007EFB2D /* launchViewController */ = {
			isa = PBXGroup;
			children = (
				68AE7FA51C736C3F007EFB2D /* launchViewController.h */,
				68AE7FA61C736C3F007EFB2D /* launchViewController.m */,
			);
			name = launchViewController;
			sourceTree = "<group>";
		};
		68AF081D1C6D88E900940B4C /* detailViewController */ = {
			isa = PBXGroup;
			children = (
				686B24BA1C71E41F00F48DDB /* detailViewController.h */,
				686B24BB1C71E41F00F48DDB /* detailViewController.m */,
			);
			name = detailViewController;
			sourceTree = "<group>";
		};
		C859EC088FD0C2A2B40E2CBC /* Frameworks */ = {
			isa = PBXGroup;
			children = (
				6873803D1C74A8A600AA4B82 /* QuickLook.framework */,
				4B756ABB349AE6A052C34565 /* libPods.a */,
				BA2464FC2240297C48BF45B6 /* libPods-saishi.a */,
			);
			name = Frameworks;
			sourceTree = "<group>";
		};
/* End PBXGroup section */

/* Begin PBXNativeTarget section */
		6841FA881C631BC8004BACEA /* saishi */ = {
			isa = PBXNativeTarget;
			buildConfigurationList = 6841FAB61C631BC8004BACEA /* Build configuration list for PBXNativeTarget "saishi" */;
			buildPhases = (
				16EF9DF316B1C4729FFA9CE9 /* Check Pods Manifest.lock */,
				6841FA851C631BC8004BACEA /* Sources */,
				6841FA861C631BC8004BACEA /* Frameworks */,
				6841FA871C631BC8004BACEA /* Resources */,
				774730A081F90DA38E40B081 /* Embed Pods Frameworks */,
				1394F33B13BAA72355699165 /* Copy Pods Resources */,
			);
			buildRules = (
			);
			dependencies = (
			);
			name = saishi;
			productName = saishi;
			productReference = 6841FA891C631BC8004BACEA /* saishi.app */;
			productType = "com.apple.product-type.application";
		};
		6841FAA11C631BC8004BACEA /* saishiTests */ = {
			isa = PBXNativeTarget;
			buildConfigurationList = 6841FAB91C631BC8004BACEA /* Build configuration list for PBXNativeTarget "saishiTests" */;
			buildPhases = (
				6841FA9E1C631BC8004BACEA /* Sources */,
				6841FA9F1C631BC8004BACEA /* Frameworks */,
				6841FAA01C631BC8004BACEA /* Resources */,
			);
			buildRules = (
			);
			dependencies = (
				6841FAA41C631BC8004BACEA /* PBXTargetDependency */,
			);
			name = saishiTests;
			productName = saishiTests;
			productReference = 6841FAA21C631BC8004BACEA /* saishiTests.xctest */;
			productType = "com.apple.product-type.bundle.unit-test";
		};
		6841FAAC1C631BC8004BACEA /* saishiUITests */ = {
			isa = PBXNativeTarget;
			buildConfigurationList = 6841FABC1C631BC8004BACEA /* Build configuration list for PBXNativeTarget "saishiUITests" */;
			buildPhases = (
				6841FAA91C631BC8004BACEA /* Sources */,
				6841FAAA1C631BC8004BACEA /* Frameworks */,
				6841FAAB1C631BC8004BACEA /* Resources */,
			);
			buildRules = (
			);
			dependencies = (
				6841FAAF1C631BC8004BACEA /* PBXTargetDependency */,
			);
			name = saishiUITests;
			productName = saishiUITests;
			productReference = 6841FAAD1C631BC8004BACEA /* saishiUITests.xctest */;
			productType = "com.apple.product-type.bundle.ui-testing";
		};
/* End PBXNativeTarget section */

/* Begin PBXProject section */
		6841FA811C631BC8004BACEA /* Project object */ = {
			isa = PBXProject;
			attributes = {
				LastUpgradeCheck = 0720;
				ORGANIZATIONNAME = cn.twt.edu;
				TargetAttributes = {
					6841FA881C631BC8004BACEA = {
						CreatedOnToolsVersion = 7.2;
					};
					6841FAA11C631BC8004BACEA = {
						CreatedOnToolsVersion = 7.2;
						TestTargetID = 6841FA881C631BC8004BACEA;
					};
					6841FAAC1C631BC8004BACEA = {
						CreatedOnToolsVersion = 7.2;
						TestTargetID = 6841FA881C631BC8004BACEA;
					};
				};
			};
			buildConfigurationList = 6841FA841C631BC8004BACEA /* Build configuration list for PBXProject "saishi" */;
			compatibilityVersion = "Xcode 3.2";
			developmentRegion = English;
			hasScannedForEncodings = 0;
			knownRegions = (
				en,
				Base,
			);
			mainGroup = 6841FA801C631BC8004BACEA;
			productRefGroup = 6841FA8A1C631BC8004BACEA /* Products */;
			projectDirPath = "";
			projectRoot = "";
			targets = (
				6841FA881C631BC8004BACEA /* saishi */,
				6841FAA11C631BC8004BACEA /* saishiTests */,
				6841FAAC1C631BC8004BACEA /* saishiUITests */,
			);
		};
/* End PBXProject section */

/* Begin PBXResourcesBuildPhase section */
		6841FA871C631BC8004BACEA /* Resources */ = {
			isa = PBXResourcesBuildPhase;
			buildActionMask = 2147483647;
			files = (
				6841FA9C1C631BC8004BACEA /* LaunchScreen.storyboard in Resources */,
				687CDC6C1C68ED460094F581 /* Assets.xcassets in Resources */,
				E9E0B20D1C778E690047C1D7 /* bootstrap.min.js in Resources */,
				E9E0B20C1C778E690047C1D7 /* bootstrap.css in Resources */,
				E9E0B20E1C778E690047C1D7 /* jquery.min.js in Resources */,
				6841FA971C631BC8004BACEA /* Main.storyboard in Resources */,
			);
			runOnlyForDeploymentPostprocessing = 0;
		};
		6841FAA01C631BC8004BACEA /* Resources */ = {
			isa = PBXResourcesBuildPhase;
			buildActionMask = 2147483647;
			files = (
			);
			runOnlyForDeploymentPostprocessing = 0;
		};
		6841FAAB1C631BC8004BACEA /* Resources */ = {
			isa = PBXResourcesBuildPhase;
			buildActionMask = 2147483647;
			files = (
			);
			runOnlyForDeploymentPostprocessing = 0;
		};
/* End PBXResourcesBuildPhase section */

/* Begin PBXShellScriptBuildPhase section */
		1394F33B13BAA72355699165 /* Copy Pods Resources */ = {
			isa = PBXShellScriptBuildPhase;
			buildActionMask = 2147483647;
			files = (
			);
			inputPaths = (
			);
			name = "Copy Pods Resources";
			outputPaths = (
			);
			runOnlyForDeploymentPostprocessing = 0;
			shellPath = /bin/sh;
			shellScript = "\"${SRCROOT}/Pods/Target Support Files/Pods/Pods-resources.sh\"\n";
			showEnvVarsInLog = 0;
		};
		16EF9DF316B1C4729FFA9CE9 /* Check Pods Manifest.lock */ = {
			isa = PBXShellScriptBuildPhase;
			buildActionMask = 2147483647;
			files = (
			);
			inputPaths = (
			);
			name = "Check Pods Manifest.lock";
			outputPaths = (
			);
			runOnlyForDeploymentPostprocessing = 0;
			shellPath = /bin/sh;
			shellScript = "diff \"${PODS_ROOT}/../Podfile.lock\" \"${PODS_ROOT}/Manifest.lock\" > /dev/null\nif [[ $? != 0 ]] ; then\n    cat << EOM\nerror: The sandbox is not in sync with the Podfile.lock. Run 'pod install' or update your CocoaPods installation.\nEOM\n    exit 1\nfi\n";
			showEnvVarsInLog = 0;
		};
		774730A081F90DA38E40B081 /* Embed Pods Frameworks */ = {
			isa = PBXShellScriptBuildPhase;
			buildActionMask = 2147483647;
			files = (
			);
			inputPaths = (
			);
			name = "Embed Pods Frameworks";
			outputPaths = (
			);
			runOnlyForDeploymentPostprocessing = 0;
			shellPath = /bin/sh;
			shellScript = "\"${SRCROOT}/Pods/Target Support Files/Pods-saishi/Pods-saishi-frameworks.sh\"\n";
			showEnvVarsInLog = 0;
		};
/* End PBXShellScriptBuildPhase section */

/* Begin PBXSourcesBuildPhase section */
		6841FA851C631BC8004BACEA /* Sources */ = {
			isa = PBXSourcesBuildPhase;
			buildActionMask = 2147483647;
			files = (
				686CD8161C6DC97A00D436A6 /* feedViewController.m in Sources */,
				686CD8201C6DCA4300D436A6 /* affairsViewController.m in Sources */,
				686B24BC1C71E41F00F48DDB /* detailViewController.m in Sources */,
				6873803C1C74711100AA4B82 /* scheduleViewController.m in Sources */,
				686CD81C1C6DC9A700D436A6 /* filesViewController.m in Sources */,
				68811FBD1C6EF06C001048FF /* dataList.m in Sources */,
				68AE7F171C72F121007EFB2D /* meViewController.m in Sources */,
				687CDC781C68FB0A0094F581 /* mainTabBarController.m in Sources */,
				687CDC6F1C68F16B0094F581 /* user.m in Sources */,
				686B24B91C71DCDF00F48DDB /* imageGetter.m in Sources */,
				6841FA941C631BC8004BACEA /* loginViewController.m in Sources */,
				686CD8131C6DC82700D436A6 /* notificationViewController.m in Sources */,
				6841FA911C631BC8004BACEA /* AppDelegate.m in Sources */,
				686B24B61C71CBF700F48DDB /* customCell.m in Sources */,
				68AE7F5F1C72FEF3007EFB2D /* changePasswordViewController.m in Sources */,
				68AE7FA71C736C3F007EFB2D /* launchViewController.m in Sources */,
				6841FA8E1C631BC8004BACEA /* main.m in Sources */,
				686B24C01C71FCD800F48DDB /* fileCell.m in Sources */,
			);
			runOnlyForDeploymentPostprocessing = 0;
		};
		6841FA9E1C631BC8004BACEA /* Sources */ = {
			isa = PBXSourcesBuildPhase;
			buildActionMask = 2147483647;
			files = (
				6841FAA71C631BC8004BACEA /* saishiTests.m in Sources */,
			);
			runOnlyForDeploymentPostprocessing = 0;
		};
		6841FAA91C631BC8004BACEA /* Sources */ = {
			isa = PBXSourcesBuildPhase;
			buildActionMask = 2147483647;
			files = (
				6841FAB21C631BC8004BACEA /* saishiUITests.m in Sources */,
			);
			runOnlyForDeploymentPostprocessing = 0;
		};
/* End PBXSourcesBuildPhase section */

/* Begin PBXTargetDependency section */
		6841FAA41C631BC8004BACEA /* PBXTargetDependency */ = {
			isa = PBXTargetDependency;
			target = 6841FA881C631BC8004BACEA /* saishi */;
			targetProxy = 6841FAA31C631BC8004BACEA /* PBXContainerItemProxy */;
		};
		6841FAAF1C631BC8004BACEA /* PBXTargetDependency */ = {
			isa = PBXTargetDependency;
			target = 6841FA881C631BC8004BACEA /* saishi */;
			targetProxy = 6841FAAE1C631BC8004BACEA /* PBXContainerItemProxy */;
		};
/* End PBXTargetDependency section */

/* Begin PBXVariantGroup section */
		6841FA951C631BC8004BACEA /* Main.storyboard */ = {
			isa = PBXVariantGroup;
			children = (
				6841FA961C631BC8004BACEA /* Base */,
				E95565111C6B94B600F3FEFB /* zh-Hans */,
			);
			name = Main.storyboard;
			sourceTree = "<group>";
		};
		6841FA9A1C631BC8004BACEA /* LaunchScreen.storyboard */ = {
			isa = PBXVariantGroup;
			children = (
				6841FA9B1C631BC8004BACEA /* Base */,
				E95565101C6B94B600F3FEFB /* zh-Hans */,
			);
			name = LaunchScreen.storyboard;
			sourceTree = "<group>";
		};
/* End PBXVariantGroup section */

/* Begin XCBuildConfiguration section */
		6841FAB41C631BC8004BACEA /* Debug */ = {
			isa = XCBuildConfiguration;
			buildSettings = {
				ALWAYS_SEARCH_USER_PATHS = NO;
				CLANG_CXX_LANGUAGE_STANDARD = "gnu++0x";
				CLANG_CXX_LIBRARY = "libc++";
				CLANG_ENABLE_MODULES = YES;
				CLANG_ENABLE_OBJC_ARC = YES;
				CLANG_WARN_BOOL_CONVERSION = YES;
				CLANG_WARN_CONSTANT_CONVERSION = YES;
				CLANG_WARN_DIRECT_OBJC_ISA_USAGE = YES_ERROR;
				CLANG_WARN_EMPTY_BODY = YES;
				CLANG_WARN_ENUM_CONVERSION = YES;
				CLANG_WARN_INT_CONVERSION = YES;
				CLANG_WARN_OBJC_ROOT_CLASS = YES_ERROR;
				CLANG_WARN_UNREACHABLE_CODE = YES;
				CLANG_WARN__DUPLICATE_METHOD_MATCH = YES;
				"CODE_SIGN_IDENTITY[sdk=iphoneos*]" = "iPhone Developer";
				COPY_PHASE_STRIP = NO;
				DEBUG_INFORMATION_FORMAT = dwarf;
				ENABLE_STRICT_OBJC_MSGSEND = YES;
				ENABLE_TESTABILITY = YES;
				GCC_C_LANGUAGE_STANDARD = gnu99;
				GCC_DYNAMIC_NO_PIC = NO;
				GCC_NO_COMMON_BLOCKS = YES;
				GCC_OPTIMIZATION_LEVEL = 0;
				GCC_PREPROCESSOR_DEFINITIONS = (
					"DEBUG=1",
					"$(inherited)",
				);
				GCC_WARN_64_TO_32_BIT_CONVERSION = YES;
				GCC_WARN_ABOUT_RETURN_TYPE = YES_ERROR;
				GCC_WARN_UNDECLARED_SELECTOR = YES;
				GCC_WARN_UNINITIALIZED_AUTOS = YES_AGGRESSIVE;
				GCC_WARN_UNUSED_FUNCTION = YES;
				GCC_WARN_UNUSED_VARIABLE = YES;
				IPHONEOS_DEPLOYMENT_TARGET = 8.0;
				MTL_ENABLE_DEBUG_INFO = YES;
				ONLY_ACTIVE_ARCH = YES;
				SDKROOT = iphoneos;
			};
			name = Debug;
		};
		6841FAB51C631BC8004BACEA /* Release */ = {
			isa = XCBuildConfiguration;
			buildSettings = {
				ALWAYS_SEARCH_USER_PATHS = NO;
				CLANG_CXX_LANGUAGE_STANDARD = "gnu++0x";
				CLANG_CXX_LIBRARY = "libc++";
				CLANG_ENABLE_MODULES = YES;
				CLANG_ENABLE_OBJC_ARC = YES;
				CLANG_WARN_BOOL_CONVERSION = YES;
				CLANG_WARN_CONSTANT_CONVERSION = YES;
				CLANG_WARN_DIRECT_OBJC_ISA_USAGE = YES_ERROR;
				CLANG_WARN_EMPTY_BODY = YES;
				CLANG_WARN_ENUM_CONVERSION = YES;
				CLANG_WARN_INT_CONVERSION = YES;
				CLANG_WARN_OBJC_ROOT_CLASS = YES_ERROR;
				CLANG_WARN_UNREACHABLE_CODE = YES;
				CLANG_WARN__DUPLICATE_METHOD_MATCH = YES;
				"CODE_SIGN_IDENTITY[sdk=iphoneos*]" = "iPhone Developer";
				COPY_PHASE_STRIP = NO;
				DEBUG_INFORMATION_FORMAT = "dwarf-with-dsym";
				ENABLE_NS_ASSERTIONS = NO;
				ENABLE_STRICT_OBJC_MSGSEND = YES;
				GCC_C_LANGUAGE_STANDARD = gnu99;
				GCC_NO_COMMON_BLOCKS = YES;
				GCC_WARN_64_TO_32_BIT_CONVERSION = YES;
				GCC_WARN_ABOUT_RETURN_TYPE = YES_ERROR;
				GCC_WARN_UNDECLARED_SELECTOR = YES;
				GCC_WARN_UNINITIALIZED_AUTOS = YES_AGGRESSIVE;
				GCC_WARN_UNUSED_FUNCTION = YES;
				GCC_WARN_UNUSED_VARIABLE = YES;
				IPHONEOS_DEPLOYMENT_TARGET = 8.0;
				MTL_ENABLE_DEBUG_INFO = NO;
				SDKROOT = iphoneos;
				VALIDATE_PRODUCT = YES;
			};
			name = Release;
		};
		6841FAB71C631BC8004BACEA /* Debug */ = {
			isa = XCBuildConfiguration;
			baseConfigurationReference = 242CFB8DB7AE0C90335BDFE1 /* Pods.debug.xcconfig */;
			buildSettings = {
				ASSETCATALOG_COMPILER_APPICON_NAME = AppIcon;
				INFOPLIST_FILE = saishi/Info.plist;
				LD_RUNPATH_SEARCH_PATHS = "$(inherited) @executable_path/Frameworks";
				PRODUCT_BUNDLE_IDENTIFIER = cn.twt.edu.saishi;
				PRODUCT_NAME = "$(TARGET_NAME)";
			};
			name = Debug;
		};
		6841FAB81C631BC8004BACEA /* Release */ = {
			isa = XCBuildConfiguration;
			baseConfigurationReference = 56A6ACCFAFB0816E459F06C8 /* Pods.release.xcconfig */;
			buildSettings = {
				ASSETCATALOG_COMPILER_APPICON_NAME = AppIcon;
				INFOPLIST_FILE = saishi/Info.plist;
				LD_RUNPATH_SEARCH_PATHS = "$(inherited) @executable_path/Frameworks";
				PRODUCT_BUNDLE_IDENTIFIER = cn.twt.edu.saishi;
				PRODUCT_NAME = "$(TARGET_NAME)";
			};
			name = Release;
		};
		6841FABA1C631BC8004BACEA /* Debug */ = {
			isa = XCBuildConfiguration;
			buildSettings = {
				BUNDLE_LOADER = "$(TEST_HOST)";
				INFOPLIST_FILE = saishiTests/Info.plist;
				LD_RUNPATH_SEARCH_PATHS = "$(inherited) @executable_path/Frameworks @loader_path/Frameworks";
				PRODUCT_BUNDLE_IDENTIFIER = com.JinHongxu.saishiTests;
				PRODUCT_NAME = "$(TARGET_NAME)";
				TEST_HOST = "$(BUILT_PRODUCTS_DIR)/saishi.app/saishi";
			};
			name = Debug;
		};
		6841FABB1C631BC8004BACEA /* Release */ = {
			isa = XCBuildConfiguration;
			buildSettings = {
				BUNDLE_LOADER = "$(TEST_HOST)";
				INFOPLIST_FILE = saishiTests/Info.plist;
				LD_RUNPATH_SEARCH_PATHS = "$(inherited) @executable_path/Frameworks @loader_path/Frameworks";
				PRODUCT_BUNDLE_IDENTIFIER = com.JinHongxu.saishiTests;
				PRODUCT_NAME = "$(TARGET_NAME)";
				TEST_HOST = "$(BUILT_PRODUCTS_DIR)/saishi.app/saishi";
			};
			name = Release;
		};
		6841FABD1C631BC8004BACEA /* Debug */ = {
			isa = XCBuildConfiguration;
			buildSettings = {
				INFOPLIST_FILE = saishiUITests/Info.plist;
				LD_RUNPATH_SEARCH_PATHS = "$(inherited) @executable_path/Frameworks @loader_path/Frameworks";
				PRODUCT_BUNDLE_IDENTIFIER = com.JinHongxu.saishiUITests;
				PRODUCT_NAME = "$(TARGET_NAME)";
				TEST_TARGET_NAME = saishi;
				USES_XCTRUNNER = YES;
			};
			name = Debug;
		};
		6841FABE1C631BC8004BACEA /* Release */ = {
			isa = XCBuildConfiguration;
			buildSettings = {
				INFOPLIST_FILE = saishiUITests/Info.plist;
				LD_RUNPATH_SEARCH_PATHS = "$(inherited) @executable_path/Frameworks @loader_path/Frameworks";
				PRODUCT_BUNDLE_IDENTIFIER = com.JinHongxu.saishiUITests;
				PRODUCT_NAME = "$(TARGET_NAME)";
				TEST_TARGET_NAME = saishi;
				USES_XCTRUNNER = YES;
			};
			name = Release;
		};
/* End XCBuildConfiguration section */

/* Begin XCConfigurationList section */
		6841FA841C631BC8004BACEA /* Build configuration list for PBXProject "saishi" */ = {
			isa = XCConfigurationList;
			buildConfigurations = (
				6841FAB41C631BC8004BACEA /* Debug */,
				6841FAB51C631BC8004BACEA /* Release */,
			);
			defaultConfigurationIsVisible = 0;
			defaultConfigurationName = Release;
		};
		6841FAB61C631BC8004BACEA /* Build configuration list for PBXNativeTarget "saishi" */ = {
			isa = XCConfigurationList;
			buildConfigurations = (
				6841FAB71C631BC8004BACEA /* Debug */,
				6841FAB81C631BC8004BACEA /* Release */,
			);
			defaultConfigurationIsVisible = 0;
			defaultConfigurationName = Release;
		};
		6841FAB91C631BC8004BACEA /* Build configuration list for PBXNativeTarget "saishiTests" */ = {
			isa = XCConfigurationList;
			buildConfigurations = (
				6841FABA1C631BC8004BACEA /* Debug */,
				6841FABB1C631BC8004BACEA /* Release */,
			);
			defaultConfigurationIsVisible = 0;
			defaultConfigurationName = Release;
		};
		6841FABC1C631BC8004BACEA /* Build configuration list for PBXNativeTarget "saishiUITests" */ = {
			isa = XCConfigurationList;
			buildConfigurations = (
				6841FABD1C631BC8004BACEA /* Debug */,
				6841FABE1C631BC8004BACEA /* Release */,
			);
			defaultConfigurationIsVisible = 0;
			defaultConfigurationName = Release;
		};
/* End XCConfigurationList section */
	};
	rootObject = 6841FA811C631BC8004BACEA /* Project object */;
}
